# This file is automatically @generated by pesde.
# It is not intended for manual editing.
format = 2
name = "blackprint/remote_control"
version = "0.1.0"
target = "lune"

[graph."stefansarya/socketio_client@0.1.0 lune"]
direct = ["socketio_client", { name = "stefansarya/socketio_client", version = "^0.1.0", index = "default" }, "standard"]

[graph."stefansarya/socketio_client@0.1.0 lune".pkg_ref]
ref_ty = "pesde"
index_url = "https://github.com/pesde-pkg/index"
